// !$*UTF8*$!
{
	archiveVersion = 1;
	classes = {
	};
	objectVersion = 56;
	objects = {

/* Begin PBXBuildFile section */
		EC05CC8A2C35C36B00F2FC8E /* Tab.swift in Sources */ = {isa = PBXBuildFile; fileRef = EC05CC892C35C36B00F2FC8E /* Tab.swift */; };
		EC05CC8C2C35C4B000F2FC8E /* MainView.swift in Sources */ = {isa = PBXBuildFile; fileRef = EC05CC8B2C35C4B000F2FC8E /* MainView.swift */; };
		EC05CC8E2C35C4B800F2FC8E /* SearchView.swift in Sources */ = {isa = PBXBuildFile; fileRef = EC05CC8D2C35C4B800F2FC8E /* SearchView.swift */; };
		EC05CC902C35C4C500F2FC8E /* MyEventsView.swift in Sources */ = {isa = PBXBuildFile; fileRef = EC05CC8F2C35C4C500F2FC8E /* MyEventsView.swift */; };
		EC05CC922C35C4CA00F2FC8E /* FavoritesView.swift in Sources */ = {isa = PBXBuildFile; fileRef = EC05CC912C35C4CA00F2FC8E /* FavoritesView.swift */; };
		EC05CC942C35C4CF00F2FC8E /* ProfileView.swift in Sources */ = {isa = PBXBuildFile; fileRef = EC05CC932C35C4CF00F2FC8E /* ProfileView.swift */; };
		EC05CC962C35C6D900F2FC8E /* View+CornerRadius.swift in Sources */ = {isa = PBXBuildFile; fileRef = EC05CC952C35C6D900F2FC8E /* View+CornerRadius.swift */; };
		EC1056642C3AC39F00CEB625 /* SearchViewModel.swift in Sources */ = {isa = PBXBuildFile; fileRef = EC1056632C3AC39F00CEB625 /* SearchViewModel.swift */; };
		EC1056662C3AC43B00CEB625 /* CategoriesModel.swift in Sources */ = {isa = PBXBuildFile; fileRef = EC1056652C3AC43B00CEB625 /* CategoriesModel.swift */; };
		EC1056682C3AC65C00CEB625 /* SearchMockData.swift in Sources */ = {isa = PBXBuildFile; fileRef = EC1056672C3AC65C00CEB625 /* SearchMockData.swift */; };
		EC10566A2C3AD9F500CEB625 /* TestView.swift in Sources */ = {isa = PBXBuildFile; fileRef = EC1056692C3AD9F500CEB625 /* TestView.swift */; };
		EC10566D2C3B00AA00CEB625 /* ProfileDetail.swift in Sources */ = {isa = PBXBuildFile; fileRef = EC10566C2C3B00AA00CEB625 /* ProfileDetail.swift */; };
		EC10566F2C3B0C3C00CEB625 /* EventifyUpcomingEvent.swift in Sources */ = {isa = PBXBuildFile; fileRef = EC10566E2C3B0C3C00CEB625 /* EventifyUpcomingEvent.swift */; };
		EC1056712C3B11BA00CEB625 /* EventifyCheeps.swift in Sources */ = {isa = PBXBuildFile; fileRef = EC1056702C3B11BA00CEB625 /* EventifyCheeps.swift */; };
		EC1056752C3B152300CEB625 /* UpcomingEventsModel.swift in Sources */ = {isa = PBXBuildFile; fileRef = EC1056742C3B152300CEB625 /* UpcomingEventsModel.swift */; };
		EC1056772C3B158F00CEB625 /* MyEventsMockData.swift in Sources */ = {isa = PBXBuildFile; fileRef = EC1056762C3B158F00CEB625 /* MyEventsMockData.swift */; };
		EC26487A2C20DD48009882FF /* ForgotPasswordViewModel.swift in Sources */ = {isa = PBXBuildFile; fileRef = EC2648792C20DD48009882FF /* ForgotPasswordViewModel.swift */; };
		EC268AFF2C1C99D400F26DC5 /* SUINavigation in Frameworks */ = {isa = PBXBuildFile; productRef = EC268AFE2C1C99D400F26DC5 /* SUINavigation */; };
		EC268B012C1C9A9600F26DC5 /* GoogleService-Info.plist in Resources */ = {isa = PBXBuildFile; fileRef = EC268B002C1C9A9600F26DC5 /* GoogleService-Info.plist */; };
		EC268B042C1C9AE600F26DC5 /* FirebaseAuth in Frameworks */ = {isa = PBXBuildFile; productRef = EC268B032C1C9AE600F26DC5 /* FirebaseAuth */; };
		EC268B062C1C9AE600F26DC5 /* FirebaseAuthCombine-Community in Frameworks */ = {isa = PBXBuildFile; productRef = EC268B052C1C9AE600F26DC5 /* FirebaseAuthCombine-Community */; };
		EC268B082C1C9AE600F26DC5 /* FirebaseFirestore in Frameworks */ = {isa = PBXBuildFile; productRef = EC268B072C1C9AE600F26DC5 /* FirebaseFirestore */; };
		EC268B0A2C1C9AE600F26DC5 /* FirebaseFirestoreCombine-Community in Frameworks */ = {isa = PBXBuildFile; productRef = EC268B092C1C9AE600F26DC5 /* FirebaseFirestoreCombine-Community */; };
		EC268B122C1CA2E600F26DC5 /* Fonts.swift in Sources */ = {isa = PBXBuildFile; fileRef = EC268B112C1CA2E600F26DC5 /* Fonts.swift */; };
		EC268B202C1CC52200F26DC5 /* EventifyTextField.swift in Sources */ = {isa = PBXBuildFile; fileRef = EC268B1F2C1CC52200F26DC5 /* EventifyTextField.swift */; };
		EC268B222C1CC59C00F26DC5 /* EventifyButton.swift in Sources */ = {isa = PBXBuildFile; fileRef = EC268B212C1CC59C00F26DC5 /* EventifyButton.swift */; };
		EC268B2F2C1CD48B00F26DC5 /* SF-Compact-Rounded-Regular.otf in Resources */ = {isa = PBXBuildFile; fileRef = EC268B2C2C1CD48B00F26DC5 /* SF-Compact-Rounded-Regular.otf */; };
		EC268B302C1CD48B00F26DC5 /* SF-Compact-Rounded-Medium.otf in Resources */ = {isa = PBXBuildFile; fileRef = EC268B2D2C1CD48B00F26DC5 /* SF-Compact-Rounded-Medium.otf */; };
		EC268B312C1CD48B00F26DC5 /* SF-Compact-Rounded-Semibold.otf in Resources */ = {isa = PBXBuildFile; fileRef = EC268B2E2C1CD48B00F26DC5 /* SF-Compact-Rounded-Semibold.otf */; };
		EC4981E32C1B784F0072BD53 /* EventifyApp.swift in Sources */ = {isa = PBXBuildFile; fileRef = EC4981E22C1B784F0072BD53 /* EventifyApp.swift */; };
		EC4981E52C1B784F0072BD53 /* SignUpView.swift in Sources */ = {isa = PBXBuildFile; fileRef = EC4981E42C1B784F0072BD53 /* SignUpView.swift */; };
		EC4981E72C1B78500072BD53 /* Assets.xcassets in Resources */ = {isa = PBXBuildFile; fileRef = EC4981E62C1B78500072BD53 /* Assets.xcassets */; };
		EC4981EA2C1B78500072BD53 /* Preview Assets.xcassets in Resources */ = {isa = PBXBuildFile; fileRef = EC4981E92C1B78500072BD53 /* Preview Assets.xcassets */; };
		EC4B4FB62C1F39650039D8A3 /* ForgotPasswordView.swift in Sources */ = {isa = PBXBuildFile; fileRef = EC4B4FB52C1F39650039D8A3 /* ForgotPasswordView.swift */; };
		EC8116FB2C3897210083419D /* EventifyCategories.swift in Sources */ = {isa = PBXBuildFile; fileRef = EC8116FA2C3897210083419D /* EventifyCategories.swift */; };
		ECB823792C41C759001AD8AB /* RecommendedEventsModel.swift in Sources */ = {isa = PBXBuildFile; fileRef = ECB823782C41C759001AD8AB /* RecommendedEventsModel.swift */; };
		ECB8237D2C41CA7B001AD8AB /* FavoritesViewModel.swift in Sources */ = {isa = PBXBuildFile; fileRef = ECB8237C2C41CA7B001AD8AB /* FavoritesViewModel.swift */; };
		ECB823802C41CAB8001AD8AB /* FavoritesMockData.swift in Sources */ = {isa = PBXBuildFile; fileRef = ECB8237F2C41CAB8001AD8AB /* FavoritesMockData.swift */; };
		ECB823822C41D81C001AD8AB /* FlowLayout.swift in Sources */ = {isa = PBXBuildFile; fileRef = ECB823812C41D81C001AD8AB /* FlowLayout.swift */; };
		ECB823842C41DACC001AD8AB /* EventCellSize.swift in Sources */ = {isa = PBXBuildFile; fileRef = ECB823832C41DACC001AD8AB /* EventCellSize.swift */; };
		ECCAE2052C1DDA1100C19E40 /* SetBorder.swift in Sources */ = {isa = PBXBuildFile; fileRef = ECCAE2042C1DDA1100C19E40 /* SetBorder.swift */; };
		ECCAE2072C1DE22700C19E40 /* SignUpViewModel.swift in Sources */ = {isa = PBXBuildFile; fileRef = ECCAE2062C1DE22700C19E40 /* SignUpViewModel.swift */; };
		ECCAE2092C1DE54F00C19E40 /* AuthenticationManager.swift in Sources */ = {isa = PBXBuildFile; fileRef = ECCAE2082C1DE54F00C19E40 /* AuthenticationManager.swift */; };
		ECD326992C1DF1BC00FA18AB /* AuthDataResultModel.swift in Sources */ = {isa = PBXBuildFile; fileRef = ECD326982C1DF1BC00FA18AB /* AuthDataResultModel.swift */; };
		ECD3269D2C1E246100FA18AB /* SignInView.swift in Sources */ = {isa = PBXBuildFile; fileRef = ECD3269C2C1E246100FA18AB /* SignInView.swift */; };
		ECD3269F2C1E249C00FA18AB /* SignInViewModel.swift in Sources */ = {isa = PBXBuildFile; fileRef = ECD3269E2C1E249C00FA18AB /* SignInViewModel.swift */; };
		ECD326A42C1E302100FA18AB /* TabBar.swift in Sources */ = {isa = PBXBuildFile; fileRef = ECD326A32C1E302100FA18AB /* TabBar.swift */; };
		ECECFF8D2C3B2846002B4016 /* EventifyRecommendationEvent.swift in Sources */ = {isa = PBXBuildFile; fileRef = ECECFF8C2C3B2846002B4016 /* EventifyRecommendationEvent.swift */; };
/* End PBXBuildFile section */

/* Begin PBXFileReference section */
		EC05CC892C35C36B00F2FC8E /* Tab.swift */ = {isa = PBXFileReference; lastKnownFileType = sourcecode.swift; path = Tab.swift; sourceTree = "<group>"; };
		EC05CC8B2C35C4B000F2FC8E /* MainView.swift */ = {isa = PBXFileReference; lastKnownFileType = sourcecode.swift; path = MainView.swift; sourceTree = "<group>"; };
		EC05CC8D2C35C4B800F2FC8E /* SearchView.swift */ = {isa = PBXFileReference; lastKnownFileType = sourcecode.swift; path = SearchView.swift; sourceTree = "<group>"; };
		EC05CC8F2C35C4C500F2FC8E /* MyEventsView.swift */ = {isa = PBXFileReference; lastKnownFileType = sourcecode.swift; path = MyEventsView.swift; sourceTree = "<group>"; };
		EC05CC912C35C4CA00F2FC8E /* FavoritesView.swift */ = {isa = PBXFileReference; lastKnownFileType = sourcecode.swift; path = FavoritesView.swift; sourceTree = "<group>"; };
		EC05CC932C35C4CF00F2FC8E /* ProfileView.swift */ = {isa = PBXFileReference; lastKnownFileType = sourcecode.swift; path = ProfileView.swift; sourceTree = "<group>"; };
		EC05CC952C35C6D900F2FC8E /* View+CornerRadius.swift */ = {isa = PBXFileReference; lastKnownFileType = sourcecode.swift; path = "View+CornerRadius.swift"; sourceTree = "<group>"; };
		EC1056632C3AC39F00CEB625 /* SearchViewModel.swift */ = {isa = PBXFileReference; lastKnownFileType = sourcecode.swift; path = SearchViewModel.swift; sourceTree = "<group>"; };
		EC1056652C3AC43B00CEB625 /* CategoriesModel.swift */ = {isa = PBXFileReference; lastKnownFileType = sourcecode.swift; path = CategoriesModel.swift; sourceTree = "<group>"; };
		EC1056672C3AC65C00CEB625 /* SearchMockData.swift */ = {isa = PBXFileReference; lastKnownFileType = sourcecode.swift; path = SearchMockData.swift; sourceTree = "<group>"; };
		EC1056692C3AD9F500CEB625 /* TestView.swift */ = {isa = PBXFileReference; lastKnownFileType = sourcecode.swift; path = TestView.swift; sourceTree = "<group>"; };
		EC10566C2C3B00AA00CEB625 /* ProfileDetail.swift */ = {isa = PBXFileReference; lastKnownFileType = sourcecode.swift; path = ProfileDetail.swift; sourceTree = "<group>"; };
		EC10566E2C3B0C3C00CEB625 /* EventifyUpcomingEvent.swift */ = {isa = PBXFileReference; lastKnownFileType = sourcecode.swift; path = EventifyUpcomingEvent.swift; sourceTree = "<group>"; };
		EC1056702C3B11BA00CEB625 /* EventifyCheeps.swift */ = {isa = PBXFileReference; lastKnownFileType = sourcecode.swift; path = EventifyCheeps.swift; sourceTree = "<group>"; };
		EC1056742C3B152300CEB625 /* UpcomingEventsModel.swift */ = {isa = PBXFileReference; lastKnownFileType = sourcecode.swift; path = UpcomingEventsModel.swift; sourceTree = "<group>"; };
		EC1056762C3B158F00CEB625 /* MyEventsMockData.swift */ = {isa = PBXFileReference; lastKnownFileType = sourcecode.swift; path = MyEventsMockData.swift; sourceTree = "<group>"; };
		EC2648792C20DD48009882FF /* ForgotPasswordViewModel.swift */ = {isa = PBXFileReference; lastKnownFileType = sourcecode.swift; path = ForgotPasswordViewModel.swift; sourceTree = "<group>"; };
		EC268B002C1C9A9600F26DC5 /* GoogleService-Info.plist */ = {isa = PBXFileReference; fileEncoding = 4; lastKnownFileType = text.plist.xml; path = "GoogleService-Info.plist"; sourceTree = "<group>"; };
		EC268B102C1CA1B800F26DC5 /* Info.plist */ = {isa = PBXFileReference; lastKnownFileType = text.plist.xml; path = Info.plist; sourceTree = "<group>"; };
		EC268B112C1CA2E600F26DC5 /* Fonts.swift */ = {isa = PBXFileReference; lastKnownFileType = sourcecode.swift; path = Fonts.swift; sourceTree = "<group>"; };
		EC268B1F2C1CC52200F26DC5 /* EventifyTextField.swift */ = {isa = PBXFileReference; lastKnownFileType = sourcecode.swift; path = EventifyTextField.swift; sourceTree = "<group>"; };
		EC268B212C1CC59C00F26DC5 /* EventifyButton.swift */ = {isa = PBXFileReference; lastKnownFileType = sourcecode.swift; path = EventifyButton.swift; sourceTree = "<group>"; };
		EC268B2C2C1CD48B00F26DC5 /* SF-Compact-Rounded-Regular.otf */ = {isa = PBXFileReference; lastKnownFileType = file; path = "SF-Compact-Rounded-Regular.otf"; sourceTree = "<group>"; };
		EC268B2D2C1CD48B00F26DC5 /* SF-Compact-Rounded-Medium.otf */ = {isa = PBXFileReference; lastKnownFileType = file; path = "SF-Compact-Rounded-Medium.otf"; sourceTree = "<group>"; };
		EC268B2E2C1CD48B00F26DC5 /* SF-Compact-Rounded-Semibold.otf */ = {isa = PBXFileReference; lastKnownFileType = file; path = "SF-Compact-Rounded-Semibold.otf"; sourceTree = "<group>"; };
		EC4981DF2C1B784F0072BD53 /* EventifyApp.app */ = {isa = PBXFileReference; explicitFileType = wrapper.application; includeInIndex = 0; path = EventifyApp.app; sourceTree = BUILT_PRODUCTS_DIR; };
		EC4981E22C1B784F0072BD53 /* EventifyApp.swift */ = {isa = PBXFileReference; lastKnownFileType = sourcecode.swift; path = EventifyApp.swift; sourceTree = "<group>"; };
		EC4981E42C1B784F0072BD53 /* SignUpView.swift */ = {isa = PBXFileReference; lastKnownFileType = sourcecode.swift; path = SignUpView.swift; sourceTree = "<group>"; };
		EC4981E62C1B78500072BD53 /* Assets.xcassets */ = {isa = PBXFileReference; lastKnownFileType = folder.assetcatalog; path = Assets.xcassets; sourceTree = "<group>"; };
		EC4981E92C1B78500072BD53 /* Preview Assets.xcassets */ = {isa = PBXFileReference; lastKnownFileType = folder.assetcatalog; path = "Preview Assets.xcassets"; sourceTree = "<group>"; };
		EC4B4FB52C1F39650039D8A3 /* ForgotPasswordView.swift */ = {isa = PBXFileReference; lastKnownFileType = sourcecode.swift; path = ForgotPasswordView.swift; sourceTree = "<group>"; };
		EC8116FA2C3897210083419D /* EventifyCategories.swift */ = {isa = PBXFileReference; lastKnownFileType = sourcecode.swift; path = EventifyCategories.swift; sourceTree = "<group>"; };
		ECB823782C41C759001AD8AB /* RecommendedEventsModel.swift */ = {isa = PBXFileReference; lastKnownFileType = sourcecode.swift; path = RecommendedEventsModel.swift; sourceTree = "<group>"; };
		ECB8237C2C41CA7B001AD8AB /* FavoritesViewModel.swift */ = {isa = PBXFileReference; lastKnownFileType = sourcecode.swift; path = FavoritesViewModel.swift; sourceTree = "<group>"; };
		ECB8237F2C41CAB8001AD8AB /* FavoritesMockData.swift */ = {isa = PBXFileReference; lastKnownFileType = sourcecode.swift; path = FavoritesMockData.swift; sourceTree = "<group>"; };
		ECB823812C41D81C001AD8AB /* FlowLayout.swift */ = {isa = PBXFileReference; lastKnownFileType = sourcecode.swift; path = FlowLayout.swift; sourceTree = "<group>"; };
		ECB823832C41DACC001AD8AB /* EventCellSize.swift */ = {isa = PBXFileReference; lastKnownFileType = sourcecode.swift; path = EventCellSize.swift; sourceTree = "<group>"; };
		ECCAE2042C1DDA1100C19E40 /* SetBorder.swift */ = {isa = PBXFileReference; lastKnownFileType = sourcecode.swift; path = SetBorder.swift; sourceTree = "<group>"; };
		ECCAE2062C1DE22700C19E40 /* SignUpViewModel.swift */ = {isa = PBXFileReference; lastKnownFileType = sourcecode.swift; path = SignUpViewModel.swift; sourceTree = "<group>"; };
		ECCAE2082C1DE54F00C19E40 /* AuthenticationManager.swift */ = {isa = PBXFileReference; lastKnownFileType = sourcecode.swift; path = AuthenticationManager.swift; sourceTree = "<group>"; };
		ECD326982C1DF1BC00FA18AB /* AuthDataResultModel.swift */ = {isa = PBXFileReference; lastKnownFileType = sourcecode.swift; path = AuthDataResultModel.swift; sourceTree = "<group>"; };
		ECD3269C2C1E246100FA18AB /* SignInView.swift */ = {isa = PBXFileReference; lastKnownFileType = sourcecode.swift; path = SignInView.swift; sourceTree = "<group>"; };
		ECD3269E2C1E249C00FA18AB /* SignInViewModel.swift */ = {isa = PBXFileReference; lastKnownFileType = sourcecode.swift; path = SignInViewModel.swift; sourceTree = "<group>"; };
		ECD326A32C1E302100FA18AB /* TabBar.swift */ = {isa = PBXFileReference; lastKnownFileType = sourcecode.swift; path = TabBar.swift; sourceTree = "<group>"; };
		ECECFF8C2C3B2846002B4016 /* EventifyRecommendationEvent.swift */ = {isa = PBXFileReference; lastKnownFileType = sourcecode.swift; path = EventifyRecommendationEvent.swift; sourceTree = "<group>"; };
/* End PBXFileReference section */

/* Begin PBXFrameworksBuildPhase section */
		EC4981DC2C1B784F0072BD53 /* Frameworks */ = {
			isa = PBXFrameworksBuildPhase;
			buildActionMask = 2147483647;
			files = (
				EC268AFF2C1C99D400F26DC5 /* SUINavigation in Frameworks */,
				EC268B082C1C9AE600F26DC5 /* FirebaseFirestore in Frameworks */,
				EC268B062C1C9AE600F26DC5 /* FirebaseAuthCombine-Community in Frameworks */,
				EC268B0A2C1C9AE600F26DC5 /* FirebaseFirestoreCombine-Community in Frameworks */,
				EC268B042C1C9AE600F26DC5 /* FirebaseAuth in Frameworks */,
			);
			runOnlyForDeploymentPostprocessing = 0;
		};
/* End PBXFrameworksBuildPhase section */

/* Begin PBXGroup section */
		EC1056602C3AC38000CEB625 /* View */ = {
			isa = PBXGroup;
			children = (
				EC05CC8D2C35C4B800F2FC8E /* SearchView.swift */,
				EC1056692C3AD9F500CEB625 /* TestView.swift */,
			);
			path = View;
			sourceTree = "<group>";
		};
		EC1056612C3AC38400CEB625 /* Model */ = {
			isa = PBXGroup;
			children = (
				EC1056632C3AC39F00CEB625 /* SearchViewModel.swift */,
				EC1056652C3AC43B00CEB625 /* CategoriesModel.swift */,
				EC1056672C3AC65C00CEB625 /* SearchMockData.swift */,
			);
			path = Model;
			sourceTree = "<group>";
		};
		EC10566B2C3B009700CEB625 /* ProfileDetail */ = {
			isa = PBXGroup;
			children = (
				EC10566C2C3B00AA00CEB625 /* ProfileDetail.swift */,
			);
			path = ProfileDetail;
			sourceTree = "<group>";
		};
		EC1056722C3B14F600CEB625 /* Model */ = {
			isa = PBXGroup;
			children = (
				EC1056742C3B152300CEB625 /* UpcomingEventsModel.swift */,
				EC1056762C3B158F00CEB625 /* MyEventsMockData.swift */,
				ECB823782C41C759001AD8AB /* RecommendedEventsModel.swift */,
			);
			path = Model;
			sourceTree = "<group>";
		};
		EC1056732C3B14FA00CEB625 /* View */ = {
			isa = PBXGroup;
			children = (
				EC05CC8F2C35C4C500F2FC8E /* MyEventsView.swift */,
			);
			path = View;
			sourceTree = "<group>";
		};
		EC268B0B2C1CA0B200F26DC5 /* Resources */ = {
			isa = PBXGroup;
			children = (
				EC268B112C1CA2E600F26DC5 /* Fonts.swift */,
				EC268B0C2C1CA0BE00F26DC5 /* Fonts */,
				EC4981E62C1B78500072BD53 /* Assets.xcassets */,
				EC268B102C1CA1B800F26DC5 /* Info.plist */,
			);
			path = Resources;
			sourceTree = "<group>";
		};
		EC268B0C2C1CA0BE00F26DC5 /* Fonts */ = {
			isa = PBXGroup;
			children = (
				EC268B2D2C1CD48B00F26DC5 /* SF-Compact-Rounded-Medium.otf */,
				EC268B2C2C1CD48B00F26DC5 /* SF-Compact-Rounded-Regular.otf */,
				EC268B2E2C1CD48B00F26DC5 /* SF-Compact-Rounded-Semibold.otf */,
			);
			path = Fonts;
			sourceTree = "<group>";
		};
		EC268B1A2C1CC44700F26DC5 /* Core */ = {
			isa = PBXGroup;
			children = (
				EC268B1B2C1CC45200F26DC5 /* Auth */,
				ECD326A02C1E2FFB00FA18AB /* TabBar */,
				EC8116F32C3892290083419D /* Main */,
				EC8116F52C3892420083419D /* Search */,
				EC8116F62C38924A0083419D /* MyEvents */,
				EC8116F82C3892AB0083419D /* Favorites */,
				EC8116F92C3892E30083419D /* Profile */,
			);
			path = Core;
			sourceTree = "<group>";
		};
		EC268B1B2C1CC45200F26DC5 /* Auth */ = {
			isa = PBXGroup;
			children = (
				EC29FC092C1F67A20044FB90 /* Firebase Models */,
				EC268B1D2C1CC46600F26DC5 /* ViewModel */,
				EC268B1C2C1CC46200F26DC5 /* View */,
			);
			path = Auth;
			sourceTree = "<group>";
		};
		EC268B1C2C1CC46200F26DC5 /* View */ = {
			isa = PBXGroup;
			children = (
				EC4981E42C1B784F0072BD53 /* SignUpView.swift */,
				ECD3269C2C1E246100FA18AB /* SignInView.swift */,
				EC4B4FB52C1F39650039D8A3 /* ForgotPasswordView.swift */,
			);
			path = View;
			sourceTree = "<group>";
		};
		EC268B1D2C1CC46600F26DC5 /* ViewModel */ = {
			isa = PBXGroup;
			children = (
				ECCAE2062C1DE22700C19E40 /* SignUpViewModel.swift */,
				ECD3269E2C1E249C00FA18AB /* SignInViewModel.swift */,
				EC2648792C20DD48009882FF /* ForgotPasswordViewModel.swift */,
			);
			path = ViewModel;
			sourceTree = "<group>";
		};
		EC268B1E2C1CC4E400F26DC5 /* Components */ = {
			isa = PBXGroup;
			children = (
				EC268B1F2C1CC52200F26DC5 /* EventifyTextField.swift */,
				EC268B212C1CC59C00F26DC5 /* EventifyButton.swift */,
				EC8116FA2C3897210083419D /* EventifyCategories.swift */,
				EC10566E2C3B0C3C00CEB625 /* EventifyUpcomingEvent.swift */,
				EC1056702C3B11BA00CEB625 /* EventifyCheeps.swift */,
				ECECFF8C2C3B2846002B4016 /* EventifyRecommendationEvent.swift */,
			);
			path = Components;
			sourceTree = "<group>";
		};
		EC29FC092C1F67A20044FB90 /* Firebase Models */ = {
			isa = PBXGroup;
			children = (
				ECD326982C1DF1BC00FA18AB /* AuthDataResultModel.swift */,
				ECCAE2082C1DE54F00C19E40 /* AuthenticationManager.swift */,
			);
			path = "Firebase Models";
			sourceTree = "<group>";
		};
		EC4981D62C1B784F0072BD53 = {
			isa = PBXGroup;
			children = (
				EC4981E12C1B784F0072BD53 /* EventifyApp */,
				EC4981E02C1B784F0072BD53 /* Products */,
			);
			sourceTree = "<group>";
		};
		EC4981E02C1B784F0072BD53 /* Products */ = {
			isa = PBXGroup;
			children = (
				EC4981DF2C1B784F0072BD53 /* EventifyApp.app */,
			);
			name = Products;
			sourceTree = "<group>";
		};
		EC4981E12C1B784F0072BD53 /* EventifyApp */ = {
			isa = PBXGroup;
			children = (
				EC4981E22C1B784F0072BD53 /* EventifyApp.swift */,
				EC268B1A2C1CC44700F26DC5 /* Core */,
				EC8116F72C3892690083419D /* Utilities */,
				EC268B0B2C1CA0B200F26DC5 /* Resources */,
				EC268B002C1C9A9600F26DC5 /* GoogleService-Info.plist */,
				EC4981E82C1B78500072BD53 /* Preview Content */,
			);
			path = EventifyApp;
			sourceTree = "<group>";
		};
		EC4981E82C1B78500072BD53 /* Preview Content */ = {
			isa = PBXGroup;
			children = (
				EC4981E92C1B78500072BD53 /* Preview Assets.xcassets */,
			);
			path = "Preview Content";
			sourceTree = "<group>";
		};
		EC8116F32C3892290083419D /* Main */ = {
			isa = PBXGroup;
			children = (
				EC05CC8B2C35C4B000F2FC8E /* MainView.swift */,
			);
			path = Main;
			sourceTree = "<group>";
		};
		EC8116F52C3892420083419D /* Search */ = {
			isa = PBXGroup;
			children = (
				EC1056612C3AC38400CEB625 /* Model */,
				EC1056602C3AC38000CEB625 /* View */,
			);
			path = Search;
			sourceTree = "<group>";
		};
		EC8116F62C38924A0083419D /* MyEvents */ = {
			isa = PBXGroup;
			children = (
				EC1056722C3B14F600CEB625 /* Model */,
				EC1056732C3B14FA00CEB625 /* View */,
			);
			path = MyEvents;
			sourceTree = "<group>";
		};
		EC8116F72C3892690083419D /* Utilities */ = {
			isa = PBXGroup;
			children = (
				EC268B1E2C1CC4E400F26DC5 /* Components */,
				ECCAE2032C1DD9C600C19E40 /* Modifiers */,
			);
			path = Utilities;
			sourceTree = "<group>";
		};
		EC8116F82C3892AB0083419D /* Favorites */ = {
			isa = PBXGroup;
			children = (
				ECB8237E2C41CAA6001AD8AB /* Model */,
				ECB8237B2C41CA6B001AD8AB /* ViewModel */,
				ECB8237A2C41CA64001AD8AB /* View */,
			);
			path = Favorites;
			sourceTree = "<group>";
		};
		EC8116F92C3892E30083419D /* Profile */ = {
			isa = PBXGroup;
			children = (
				EC05CC932C35C4CF00F2FC8E /* ProfileView.swift */,
				EC10566B2C3B009700CEB625 /* ProfileDetail */,
			);
			path = Profile;
			sourceTree = "<group>";
		};
		ECB8237A2C41CA64001AD8AB /* View */ = {
			isa = PBXGroup;
			children = (
				EC05CC912C35C4CA00F2FC8E /* FavoritesView.swift */,
			);
			path = View;
			sourceTree = "<group>";
		};
		ECB8237B2C41CA6B001AD8AB /* ViewModel */ = {
			isa = PBXGroup;
			children = (
				ECB8237C2C41CA7B001AD8AB /* FavoritesViewModel.swift */,
			);
			path = ViewModel;
			sourceTree = "<group>";
		};
		ECB8237E2C41CAA6001AD8AB /* Model */ = {
			isa = PBXGroup;
			children = (
				ECB8237F2C41CAB8001AD8AB /* FavoritesMockData.swift */,
			);
			path = Model;
			sourceTree = "<group>";
		};
		ECCAE2032C1DD9C600C19E40 /* Modifiers */ = {
			isa = PBXGroup;
			children = (
				ECCAE2042C1DDA1100C19E40 /* SetBorder.swift */,
				EC05CC952C35C6D900F2FC8E /* View+CornerRadius.swift */,
				ECB823812C41D81C001AD8AB /* FlowLayout.swift */,
				ECB823832C41DACC001AD8AB /* EventCellSize.swift */,
			);
			path = Modifiers;
			sourceTree = "<group>";
		};
		ECD326A02C1E2FFB00FA18AB /* TabBar */ = {
			isa = PBXGroup;
			children = (
				EC05CC892C35C36B00F2FC8E /* Tab.swift */,
				ECD326A32C1E302100FA18AB /* TabBar.swift */,
			);
			path = TabBar;
			sourceTree = "<group>";
		};
/* End PBXGroup section */

/* Begin PBXNativeTarget section */
		EC4981DE2C1B784F0072BD53 /* EventifyApp */ = {
			isa = PBXNativeTarget;
			buildConfigurationList = EC4981ED2C1B78500072BD53 /* Build configuration list for PBXNativeTarget "EventifyApp" */;
			buildPhases = (
				EC4981DB2C1B784F0072BD53 /* Sources */,
				EC4981DC2C1B784F0072BD53 /* Frameworks */,
				EC4981DD2C1B784F0072BD53 /* Resources */,
			);
			buildRules = (
			);
			dependencies = (
			);
			name = EventifyApp;
			packageProductDependencies = (
				EC268AFE2C1C99D400F26DC5 /* SUINavigation */,
				EC268B032C1C9AE600F26DC5 /* FirebaseAuth */,
				EC268B052C1C9AE600F26DC5 /* FirebaseAuthCombine-Community */,
				EC268B072C1C9AE600F26DC5 /* FirebaseFirestore */,
				EC268B092C1C9AE600F26DC5 /* FirebaseFirestoreCombine-Community */,
			);
			productName = EventifyApp;
			productReference = EC4981DF2C1B784F0072BD53 /* EventifyApp.app */;
			productType = "com.apple.product-type.application";
		};
/* End PBXNativeTarget section */

/* Begin PBXProject section */
		EC4981D72C1B784F0072BD53 /* Project object */ = {
			isa = PBXProject;
			attributes = {
				BuildIndependentTargetsInParallel = 1;
				LastSwiftUpdateCheck = 1540;
				LastUpgradeCheck = 1540;
				TargetAttributes = {
					EC4981DE2C1B784F0072BD53 = {
						CreatedOnToolsVersion = 15.4;
					};
				};
			};
			buildConfigurationList = EC4981DA2C1B784F0072BD53 /* Build configuration list for PBXProject "EventifyApp" */;
			compatibilityVersion = "Xcode 14.0";
			developmentRegion = ru;
			hasScannedForEncodings = 0;
			knownRegions = (
				Base,
				ru,
			);
			mainGroup = EC4981D62C1B784F0072BD53;
			packageReferences = (
				EC268AFD2C1C99D400F26DC5 /* XCRemoteSwiftPackageReference "SUINavigation" */,
				EC268B022C1C9AE500F26DC5 /* XCRemoteSwiftPackageReference "firebase-ios-sdk" */,
			);
			productRefGroup = EC4981E02C1B784F0072BD53 /* Products */;
			projectDirPath = "";
			projectRoot = "";
			targets = (
				EC4981DE2C1B784F0072BD53 /* EventifyApp */,
			);
		};
/* End PBXProject section */

/* Begin PBXResourcesBuildPhase section */
		EC4981DD2C1B784F0072BD53 /* Resources */ = {
			isa = PBXResourcesBuildPhase;
			buildActionMask = 2147483647;
			files = (
				EC4981EA2C1B78500072BD53 /* Preview Assets.xcassets in Resources */,
				EC4981E72C1B78500072BD53 /* Assets.xcassets in Resources */,
				EC268B012C1C9A9600F26DC5 /* GoogleService-Info.plist in Resources */,
				EC268B312C1CD48B00F26DC5 /* SF-Compact-Rounded-Semibold.otf in Resources */,
				EC268B302C1CD48B00F26DC5 /* SF-Compact-Rounded-Medium.otf in Resources */,
				EC268B2F2C1CD48B00F26DC5 /* SF-Compact-Rounded-Regular.otf in Resources */,
			);
			runOnlyForDeploymentPostprocessing = 0;
		};
/* End PBXResourcesBuildPhase section */

/* Begin PBXSourcesBuildPhase section */
		EC4981DB2C1B784F0072BD53 /* Sources */ = {
			isa = PBXSourcesBuildPhase;
			buildActionMask = 2147483647;
			files = (
				EC05CC8C2C35C4B000F2FC8E /* MainView.swift in Sources */,
				ECCAE2052C1DDA1100C19E40 /* SetBorder.swift in Sources */,
				EC05CC8A2C35C36B00F2FC8E /* Tab.swift in Sources */,
				ECD326A42C1E302100FA18AB /* TabBar.swift in Sources */,
				ECCAE2092C1DE54F00C19E40 /* AuthenticationManager.swift in Sources */,
				EC268B122C1CA2E600F26DC5 /* Fonts.swift in Sources */,
				ECCAE2072C1DE22700C19E40 /* SignUpViewModel.swift in Sources */,
				EC05CC962C35C6D900F2FC8E /* View+CornerRadius.swift in Sources */,
				ECD326992C1DF1BC00FA18AB /* AuthDataResultModel.swift in Sources */,
				EC8116FB2C3897210083419D /* EventifyCategories.swift in Sources */,
				EC26487A2C20DD48009882FF /* ForgotPasswordViewModel.swift in Sources */,
				EC268B222C1CC59C00F26DC5 /* EventifyButton.swift in Sources */,
				EC4B4FB62C1F39650039D8A3 /* ForgotPasswordView.swift in Sources */,
				ECB823822C41D81C001AD8AB /* FlowLayout.swift in Sources */,
				ECB823842C41DACC001AD8AB /* EventCellSize.swift in Sources */,
				EC10566D2C3B00AA00CEB625 /* ProfileDetail.swift in Sources */,
				ECB823792C41C759001AD8AB /* RecommendedEventsModel.swift in Sources */,
				EC05CC902C35C4C500F2FC8E /* MyEventsView.swift in Sources */,
				EC1056642C3AC39F00CEB625 /* SearchViewModel.swift in Sources */,
				EC1056662C3AC43B00CEB625 /* CategoriesModel.swift in Sources */,
				EC1056712C3B11BA00CEB625 /* EventifyCheeps.swift in Sources */,
				ECB823802C41CAB8001AD8AB /* FavoritesMockData.swift in Sources */,
				EC05CC8E2C35C4B800F2FC8E /* SearchView.swift in Sources */,
				EC268B202C1CC52200F26DC5 /* EventifyTextField.swift in Sources */,
				EC1056752C3B152300CEB625 /* UpcomingEventsModel.swift in Sources */,
				ECD3269F2C1E249C00FA18AB /* SignInViewModel.swift in Sources */,
				EC1056682C3AC65C00CEB625 /* SearchMockData.swift in Sources */,
				ECB8237D2C41CA7B001AD8AB /* FavoritesViewModel.swift in Sources */,
				ECECFF8D2C3B2846002B4016 /* EventifyRecommendationEvent.swift in Sources */,
				EC4981E52C1B784F0072BD53 /* SignUpView.swift in Sources */,
				ECD3269D2C1E246100FA18AB /* SignInView.swift in Sources */,
				EC05CC922C35C4CA00F2FC8E /* FavoritesView.swift in Sources */,
				EC1056772C3B158F00CEB625 /* MyEventsMockData.swift in Sources */,
				EC10566F2C3B0C3C00CEB625 /* EventifyUpcomingEvent.swift in Sources */,
				EC05CC942C35C4CF00F2FC8E /* ProfileView.swift in Sources */,
				EC10566A2C3AD9F500CEB625 /* TestView.swift in Sources */,
				EC4981E32C1B784F0072BD53 /* EventifyApp.swift in Sources */,
			);
			runOnlyForDeploymentPostprocessing = 0;
		};
/* End PBXSourcesBuildPhase section */

/* Begin XCBuildConfiguration section */
		EC4981EB2C1B78500072BD53 /* Debug */ = {
			isa = XCBuildConfiguration;
			buildSettings = {
				ALWAYS_SEARCH_USER_PATHS = NO;
				ASSETCATALOG_COMPILER_GENERATE_SWIFT_ASSET_SYMBOL_EXTENSIONS = YES;
				CLANG_ANALYZER_NONNULL = YES;
				CLANG_ANALYZER_NUMBER_OBJECT_CONVERSION = YES_AGGRESSIVE;
				CLANG_CXX_LANGUAGE_STANDARD = "gnu++20";
				CLANG_ENABLE_MODULES = YES;
				CLANG_ENABLE_OBJC_ARC = YES;
				CLANG_ENABLE_OBJC_WEAK = YES;
				CLANG_WARN_BLOCK_CAPTURE_AUTORELEASING = YES;
				CLANG_WARN_BOOL_CONVERSION = YES;
				CLANG_WARN_COMMA = YES;
				CLANG_WARN_CONSTANT_CONVERSION = YES;
				CLANG_WARN_DEPRECATED_OBJC_IMPLEMENTATIONS = YES;
				CLANG_WARN_DIRECT_OBJC_ISA_USAGE = YES_ERROR;
				CLANG_WARN_DOCUMENTATION_COMMENTS = YES;
				CLANG_WARN_EMPTY_BODY = YES;
				CLANG_WARN_ENUM_CONVERSION = YES;
				CLANG_WARN_INFINITE_RECURSION = YES;
				CLANG_WARN_INT_CONVERSION = YES;
				CLANG_WARN_NON_LITERAL_NULL_CONVERSION = YES;
				CLANG_WARN_OBJC_IMPLICIT_RETAIN_SELF = YES;
				CLANG_WARN_OBJC_LITERAL_CONVERSION = YES;
				CLANG_WARN_OBJC_ROOT_CLASS = YES_ERROR;
				CLANG_WARN_QUOTED_INCLUDE_IN_FRAMEWORK_HEADER = YES;
				CLANG_WARN_RANGE_LOOP_ANALYSIS = YES;
				CLANG_WARN_STRICT_PROTOTYPES = YES;
				CLANG_WARN_SUSPICIOUS_MOVE = YES;
				CLANG_WARN_UNGUARDED_AVAILABILITY = YES_AGGRESSIVE;
				CLANG_WARN_UNREACHABLE_CODE = YES;
				CLANG_WARN__DUPLICATE_METHOD_MATCH = YES;
				COPY_PHASE_STRIP = NO;
				DEBUG_INFORMATION_FORMAT = dwarf;
				ENABLE_STRICT_OBJC_MSGSEND = YES;
				ENABLE_TESTABILITY = YES;
				ENABLE_USER_SCRIPT_SANDBOXING = YES;
				GCC_C_LANGUAGE_STANDARD = gnu17;
				GCC_DYNAMIC_NO_PIC = NO;
				GCC_NO_COMMON_BLOCKS = YES;
				GCC_OPTIMIZATION_LEVEL = 0;
				GCC_PREPROCESSOR_DEFINITIONS = (
					"DEBUG=1",
					"$(inherited)",
				);
				GCC_WARN_64_TO_32_BIT_CONVERSION = YES;
				GCC_WARN_ABOUT_RETURN_TYPE = YES_ERROR;
				GCC_WARN_UNDECLARED_SELECTOR = YES;
				GCC_WARN_UNINITIALIZED_AUTOS = YES_AGGRESSIVE;
				GCC_WARN_UNUSED_FUNCTION = YES;
				GCC_WARN_UNUSED_VARIABLE = YES;
				IPHONEOS_DEPLOYMENT_TARGET = 17.5;
				LOCALIZATION_PREFERS_STRING_CATALOGS = YES;
				MTL_ENABLE_DEBUG_INFO = INCLUDE_SOURCE;
				MTL_FAST_MATH = YES;
				ONLY_ACTIVE_ARCH = YES;
				SDKROOT = iphoneos;
				SWIFT_ACTIVE_COMPILATION_CONDITIONS = "DEBUG $(inherited)";
				SWIFT_OPTIMIZATION_LEVEL = "-Onone";
			};
			name = Debug;
		};
		EC4981EC2C1B78500072BD53 /* Release */ = {
			isa = XCBuildConfiguration;
			buildSettings = {
				ALWAYS_SEARCH_USER_PATHS = NO;
				ASSETCATALOG_COMPILER_GENERATE_SWIFT_ASSET_SYMBOL_EXTENSIONS = YES;
				CLANG_ANALYZER_NONNULL = YES;
				CLANG_ANALYZER_NUMBER_OBJECT_CONVERSION = YES_AGGRESSIVE;
				CLANG_CXX_LANGUAGE_STANDARD = "gnu++20";
				CLANG_ENABLE_MODULES = YES;
				CLANG_ENABLE_OBJC_ARC = YES;
				CLANG_ENABLE_OBJC_WEAK = YES;
				CLANG_WARN_BLOCK_CAPTURE_AUTORELEASING = YES;
				CLANG_WARN_BOOL_CONVERSION = YES;
				CLANG_WARN_COMMA = YES;
				CLANG_WARN_CONSTANT_CONVERSION = YES;
				CLANG_WARN_DEPRECATED_OBJC_IMPLEMENTATIONS = YES;
				CLANG_WARN_DIRECT_OBJC_ISA_USAGE = YES_ERROR;
				CLANG_WARN_DOCUMENTATION_COMMENTS = YES;
				CLANG_WARN_EMPTY_BODY = YES;
				CLANG_WARN_ENUM_CONVERSION = YES;
				CLANG_WARN_INFINITE_RECURSION = YES;
				CLANG_WARN_INT_CONVERSION = YES;
				CLANG_WARN_NON_LITERAL_NULL_CONVERSION = YES;
				CLANG_WARN_OBJC_IMPLICIT_RETAIN_SELF = YES;
				CLANG_WARN_OBJC_LITERAL_CONVERSION = YES;
				CLANG_WARN_OBJC_ROOT_CLASS = YES_ERROR;
				CLANG_WARN_QUOTED_INCLUDE_IN_FRAMEWORK_HEADER = YES;
				CLANG_WARN_RANGE_LOOP_ANALYSIS = YES;
				CLANG_WARN_STRICT_PROTOTYPES = YES;
				CLANG_WARN_SUSPICIOUS_MOVE = YES;
				CLANG_WARN_UNGUARDED_AVAILABILITY = YES_AGGRESSIVE;
				CLANG_WARN_UNREACHABLE_CODE = YES;
				CLANG_WARN__DUPLICATE_METHOD_MATCH = YES;
				COPY_PHASE_STRIP = NO;
				DEBUG_INFORMATION_FORMAT = "dwarf-with-dsym";
				ENABLE_NS_ASSERTIONS = NO;
				ENABLE_STRICT_OBJC_MSGSEND = YES;
				ENABLE_USER_SCRIPT_SANDBOXING = YES;
				GCC_C_LANGUAGE_STANDARD = gnu17;
				GCC_NO_COMMON_BLOCKS = YES;
				GCC_WARN_64_TO_32_BIT_CONVERSION = YES;
				GCC_WARN_ABOUT_RETURN_TYPE = YES_ERROR;
				GCC_WARN_UNDECLARED_SELECTOR = YES;
				GCC_WARN_UNINITIALIZED_AUTOS = YES_AGGRESSIVE;
				GCC_WARN_UNUSED_FUNCTION = YES;
				GCC_WARN_UNUSED_VARIABLE = YES;
				IPHONEOS_DEPLOYMENT_TARGET = 17.5;
				LOCALIZATION_PREFERS_STRING_CATALOGS = YES;
				MTL_ENABLE_DEBUG_INFO = NO;
				MTL_FAST_MATH = YES;
				SDKROOT = iphoneos;
				SWIFT_COMPILATION_MODE = wholemodule;
				VALIDATE_PRODUCT = YES;
			};
			name = Release;
		};
		EC4981EE2C1B78500072BD53 /* Debug */ = {
			isa = XCBuildConfiguration;
			buildSettings = {
				ASSETCATALOG_COMPILER_APPICON_NAME = AppIcon;
				ASSETCATALOG_COMPILER_GLOBAL_ACCENT_COLOR_NAME = AccentColor;
				CODE_SIGN_STYLE = Automatic;
				CURRENT_PROJECT_VERSION = 1;
				DEVELOPMENT_ASSET_PATHS = "\"EventifyApp/Preview Content\"";
				DEVELOPMENT_TEAM = X6KB2A8YM9;
				ENABLE_PREVIEWS = YES;
				ENABLE_USER_SCRIPT_SANDBOXING = NO;
				GENERATE_INFOPLIST_FILE = YES;
				INFOPLIST_FILE = EventifyApp/Resources/Info.plist;
				INFOPLIST_KEY_UIApplicationSceneManifest_Generation = YES;
				INFOPLIST_KEY_UIApplicationSupportsIndirectInputEvents = YES;
				INFOPLIST_KEY_UILaunchScreen_Generation = YES;
				INFOPLIST_KEY_UISupportedInterfaceOrientations_iPad = "UIInterfaceOrientationPortrait UIInterfaceOrientationPortraitUpsideDown UIInterfaceOrientationLandscapeLeft UIInterfaceOrientationLandscapeRight";
				INFOPLIST_KEY_UISupportedInterfaceOrientations_iPhone = "UIInterfaceOrientationPortrait UIInterfaceOrientationLandscapeLeft UIInterfaceOrientationLandscapeRight";
				IPHONEOS_DEPLOYMENT_TARGET = 16.0;
				LD_RUNPATH_SEARCH_PATHS = (
					"$(inherited)",
					"@executable_path/Frameworks",
				);
				MARKETING_VERSION = 1.0;
				PRODUCT_BUNDLE_IDENTIFIER = io.raynelz.Eventify;
				PRODUCT_NAME = "$(TARGET_NAME)";
				SWIFT_EMIT_LOC_STRINGS = YES;
				SWIFT_VERSION = 5.0;
				TARGETED_DEVICE_FAMILY = "1,2";
			};
			name = Debug;
		};
		EC4981EF2C1B78500072BD53 /* Release */ = {
			isa = XCBuildConfiguration;
			buildSettings = {
				ASSETCATALOG_COMPILER_APPICON_NAME = AppIcon;
				ASSETCATALOG_COMPILER_GLOBAL_ACCENT_COLOR_NAME = AccentColor;
				CODE_SIGN_STYLE = Automatic;
				CURRENT_PROJECT_VERSION = 1;
				DEVELOPMENT_ASSET_PATHS = "\"EventifyApp/Preview Content\"";
				DEVELOPMENT_TEAM = X6KB2A8YM9;
				ENABLE_PREVIEWS = YES;
				ENABLE_USER_SCRIPT_SANDBOXING = NO;
				GENERATE_INFOPLIST_FILE = YES;
				INFOPLIST_FILE = EventifyApp/Resources/Info.plist;
				INFOPLIST_KEY_UIApplicationSceneManifest_Generation = YES;
				INFOPLIST_KEY_UIApplicationSupportsIndirectInputEvents = YES;
				INFOPLIST_KEY_UILaunchScreen_Generation = YES;
				INFOPLIST_KEY_UISupportedInterfaceOrientations_iPad = "UIInterfaceOrientationPortrait UIInterfaceOrientationPortraitUpsideDown UIInterfaceOrientationLandscapeLeft UIInterfaceOrientationLandscapeRight";
				INFOPLIST_KEY_UISupportedInterfaceOrientations_iPhone = "UIInterfaceOrientationPortrait UIInterfaceOrientationLandscapeLeft UIInterfaceOrientationLandscapeRight";
				IPHONEOS_DEPLOYMENT_TARGET = 16.0;
				LD_RUNPATH_SEARCH_PATHS = (
					"$(inherited)",
					"@executable_path/Frameworks",
				);
				MARKETING_VERSION = 1.0;
				PRODUCT_BUNDLE_IDENTIFIER = io.raynelz.Eventify;
				PRODUCT_NAME = "$(TARGET_NAME)";
				SWIFT_EMIT_LOC_STRINGS = YES;
				SWIFT_VERSION = 5.0;
				TARGETED_DEVICE_FAMILY = "1,2";
			};
			name = Release;
		};
/* End XCBuildConfiguration section */

/* Begin XCConfigurationList section */
		EC4981DA2C1B784F0072BD53 /* Build configuration list for PBXProject "EventifyApp" */ = {
			isa = XCConfigurationList;
			buildConfigurations = (
				EC4981EB2C1B78500072BD53 /* Debug */,
				EC4981EC2C1B78500072BD53 /* Release */,
			);
			defaultConfigurationIsVisible = 0;
			defaultConfigurationName = Release;
		};
		EC4981ED2C1B78500072BD53 /* Build configuration list for PBXNativeTarget "EventifyApp" */ = {
			isa = XCConfigurationList;
			buildConfigurations = (
				EC4981EE2C1B78500072BD53 /* Debug */,
				EC4981EF2C1B78500072BD53 /* Release */,
			);
			defaultConfigurationIsVisible = 0;
			defaultConfigurationName = Release;
		};
/* End XCConfigurationList section */

/* Begin XCRemoteSwiftPackageReference section */
		EC268AFD2C1C99D400F26DC5 /* XCRemoteSwiftPackageReference "SUINavigation" */ = {
			isa = XCRemoteSwiftPackageReference;
			repositoryURL = "https://github.com/ozontech/SUINavigation";
			requirement = {
				kind = upToNextMajorVersion;
				minimumVersion = 1.9.4;
			};
		};
		EC268B022C1C9AE500F26DC5 /* XCRemoteSwiftPackageReference "firebase-ios-sdk" */ = {
			isa = XCRemoteSwiftPackageReference;
			repositoryURL = "https://github.com/firebase/firebase-ios-sdk";
			requirement = {
				kind = upToNextMajorVersion;
				minimumVersion = 10.27.0;
			};
		};
/* End XCRemoteSwiftPackageReference section */

/* Begin XCSwiftPackageProductDependency section */
		EC268AFE2C1C99D400F26DC5 /* SUINavigation */ = {
			isa = XCSwiftPackageProductDependency;
			package = EC268AFD2C1C99D400F26DC5 /* XCRemoteSwiftPackageReference "SUINavigation" */;
			productName = SUINavigation;
		};
		EC268B032C1C9AE600F26DC5 /* FirebaseAuth */ = {
			isa = XCSwiftPackageProductDependency;
			package = EC268B022C1C9AE500F26DC5 /* XCRemoteSwiftPackageReference "firebase-ios-sdk" */;
			productName = FirebaseAuth;
		};
		EC268B052C1C9AE600F26DC5 /* FirebaseAuthCombine-Community */ = {
			isa = XCSwiftPackageProductDependency;
			package = EC268B022C1C9AE500F26DC5 /* XCRemoteSwiftPackageReference "firebase-ios-sdk" */;
			productName = "FirebaseAuthCombine-Community";
		};
		EC268B072C1C9AE600F26DC5 /* FirebaseFirestore */ = {
			isa = XCSwiftPackageProductDependency;
			package = EC268B022C1C9AE500F26DC5 /* XCRemoteSwiftPackageReference "firebase-ios-sdk" */;
			productName = FirebaseFirestore;
		};
		EC268B092C1C9AE600F26DC5 /* FirebaseFirestoreCombine-Community */ = {
			isa = XCSwiftPackageProductDependency;
			package = EC268B022C1C9AE500F26DC5 /* XCRemoteSwiftPackageReference "firebase-ios-sdk" */;
			productName = "FirebaseFirestoreCombine-Community";
		};
/* End XCSwiftPackageProductDependency section */
	};
	rootObject = EC4981D72C1B784F0072BD53 /* Project object */;
}
